
Microsoft Visual Studio Solution File, Format Version 12.00
# Visual Studio Version 16
VisualStudioVersion = 16.0.30114.105
MinimumVisualStudioVersion = 10.0.40219.1
Project("{FAE04EC0-301F-11D3-BF4B-00C04F79EFBC}") = "DXGridGetStarted", "DXGridGetStarted\DXGridGetStarted.csproj", "{4A810870-5A27-4EE4-A637-12179EBB2648}"
EndProject
Global
	GlobalSection(SolutionConfigurationPlatforms) = preSolution
		Debug|Any CPU = Debug|Any CPU
		Release|Any CPU = Release|Any CPU
	EndGlobalSection
	GlobalSection(ProjectConfigurationPlatforms) = postSolution
		{4A810870-5A27-4EE4-A637-12179EBB2648}.Debug|Any CPU.ActiveCfg = Debug|Any CPU
		{4A810870-5A27-4EE4-A637-12179EBB2648}.Debug|Any CPU.Build.0 = Debug|Any CPU
		{4A810870-5A27-4EE4-A637-12179EBB2648}.Release|Any CPU.ActiveCfg = Release|Any CPU
		{4A810870-5A27-4EE4-A637-12179EBB2648}.Release|Any CPU.Build.0 = Release|Any CPU
	EndGlobalSection
	GlobalSection(SolutionProperties) = preSolution
		HideSolutionNode = FALSE
	EndGlobalSection
	GlobalSection(ExtensibilityGlobals) = postSolution
		SolutionGuid = {75C1B86D-8A79-4ECE-ABD0-E49CD7EC8CD1}
	EndGlobalSection
EndGlobal
